{
  "name": "beizi-card-tokenization-example",
  "version": "1.0.0",
  "lockfileVersion": 3,
  "requires": true,
  "packages": {
    "": {
      "name": "beizi-card-tokenization-example",
      "version": "1.0.0",
      "dependencies": {
        "@be.izi/card-tokenization": "^0.1.1"
      },
      "license": "MIT"
    },
    "node_modules/@be.izi/card-tokenization": {
      "version": "0.1.1",
      "resolved": "https://registry.npmjs.org/@be.izi/card-tokenization/-/card-tokenization-0.1.1.tgz",
      "integrity": "sha512-HtlTEryYPF7eRfyVQgLb/uXTCgNcHnT3EkaGflfPLpJ5sIu0WWzyulENUKfr7884SXStLw5i4zi9KFqd2OBCqA==",
      "license": "UNLICENSED",
      "dependencies": {
        "card-validator": "10.0.4"
      },
      "engines": {
        "node": ">=24.0.0"
      }
    },
    "node_modules/card-validator": {
      "version": "10.0.4",
      "resolved": "https://registry.npmjs.org/card-validator/-/card-validator-10.0.4.tgz",
      "integrity": "sha512-1Q/tDCSvM5iL3psPo6j8KF/VoI63WA7Y4Zthy1E7l/H4Iul2e2X+1S0vp33n3OMRjLgGU2+gLaK2NsGtwArJkQ==",
      "license": "MIT",
      "dependencies": {
        "credit-card-type": "^10.1.0"
      }
    },
    "node_modules/credit-card-type": {
      "version": "10.3.0",
      "resolved": "https://registry.npmjs.org/credit-card-type/-/credit-card-type-10.3.0.tgz",
      "integrity": "sha512-gT9Sb34QMQJDjvovdygGLRHT2wWrvIjEJ+WfCHgBElBbbP8WSl5LEkgwuIRKHeaBOr5sMTgIro3SDYl7XxwTTQ==",
      "license": "MIT"
    }
  }
}
